{
  "requires": true,
  "lockfileVersion": 1,
  "dependencies": {
    "bootstrap": {
      "version": "3.3.7",
      "resolved": "https://registry.npmjs.org/bootstrap/-/bootstrap-3.3.7.tgz",
      "integrity": "sha1-WjiTlFSfIzMIdaOxUGVldPip63E="
    },
    "drmonty-garlicjs": {
      "version": "1.2.3",
      "resolved": "https://registry.npmjs.org/drmonty-garlicjs/-/drmonty-garlicjs-1.2.3.tgz",
      "integrity": "sha1-RpMicX4CiLAKXtkwWQgY2A9qHO8=",
      "requires": {
        "jquery": "3.2.1"
      }
    },
    "jquery": {
      "version": "3.2.1",
      "resolved": "https://registry.npmjs.org/jquery/-/jquery-3.2.1.tgz",
      "integrity": "sha1-XE2d5lKvbNCncBVKYxu6ErAVx4c="
    }
  }
}
